// !$*UTF8*$!
{
	archiveVersion = 1;
	classes = {
	};
	objectVersion = 50;
	objects = {

/* Begin PBXBuildFile section */
		FC7895BF209E0C2E0053CA69 /* AppDelegate.swift in Sources */ = {isa = PBXBuildFile; fileRef = FC7895BE209E0C2E0053CA69 /* AppDelegate.swift */; };
		FC7895C1209E0C2E0053CA69 /* art.scnassets in Resources */ = {isa = PBXBuildFile; fileRef = FC7895C0209E0C2E0053CA69 /* art.scnassets */; };
		FC7895C3209E0C2E0053CA69 /* RampPlacerVC.swift in Sources */ = {isa = PBXBuildFile; fileRef = FC7895C2209E0C2E0053CA69 /* RampPlacerVC.swift */; };
		FC7895C6209E0C2E0053CA69 /* Main.storyboard in Resources */ = {isa = PBXBuildFile; fileRef = FC7895C4209E0C2E0053CA69 /* Main.storyboard */; };
		FC7895C8209E0C300053CA69 /* Assets.xcassets in Resources */ = {isa = PBXBuildFile; fileRef = FC7895C7209E0C300053CA69 /* Assets.xcassets */; };
		FC7895CB209E0C300053CA69 /* LaunchScreen.storyboard in Resources */ = {isa = PBXBuildFile; fileRef = FC7895C9209E0C300053CA69 /* LaunchScreen.storyboard */; };
/* End PBXBuildFile section */

/* Begin PBXFileReference section */
		FC7895BB209E0C2E0053CA69 /* Ramp-it.app */ = {isa = PBXFileReference; explicitFileType = wrapper.application; includeInIndex = 0; path = "Ramp-it.app"; sourceTree = BUILT_PRODUCTS_DIR; };
		FC7895BE209E0C2E0053CA69 /* AppDelegate.swift */ = {isa = PBXFileReference; lastKnownFileType = sourcecode.swift; path = AppDelegate.swift; sourceTree = "<group>"; };
		FC7895C0209E0C2E0053CA69 /* art.scnassets */ = {isa = PBXFileReference; lastKnownFileType = wrapper.scnassets; path = art.scnassets; sourceTree = "<group>"; };
		FC7895C2209E0C2E0053CA69 /* RampPlacerVC.swift */ = {isa = PBXFileReference; lastKnownFileType = sourcecode.swift; path = RampPlacerVC.swift; sourceTree = "<group>"; };
		FC7895C5209E0C2E0053CA69 /* Base */ = {isa = PBXFileReference; lastKnownFileType = file.storyboard; name = Base; path = Base.lproj/Main.storyboard; sourceTree = "<group>"; };
		FC7895C7209E0C300053CA69 /* Assets.xcassets */ = {isa = PBXFileReference; lastKnownFileType = folder.assetcatalog; path = Assets.xcassets; sourceTree = "<group>"; };
		FC7895CA209E0C300053CA69 /* Base */ = {isa = PBXFileReference; lastKnownFileType = file.storyboard; name = Base; path = Base.lproj/LaunchScreen.storyboard; sourceTree = "<group>"; };
		FC7895CC209E0C300053CA69 /* Info.plist */ = {isa = PBXFileReference; lastKnownFileType = text.plist.xml; path = Info.plist; sourceTree = "<group>"; };
/* End PBXFileReference section */

/* Begin PBXFrameworksBuildPhase section */
		FC7895B8209E0C2E0053CA69 /* Frameworks */ = {
			isa = PBXFrameworksBuildPhase;
			buildActionMask = 2147483647;
			files = (
			);
			runOnlyForDeploymentPostprocessing = 0;
		};
/* End PBXFrameworksBuildPhase section */

/* Begin PBXGroup section */
		FC7895B2209E0C2E0053CA69 = {
			isa = PBXGroup;
			children = (
				FC7895BD209E0C2E0053CA69 /* Ramp-it */,
				FC7895BC209E0C2E0053CA69 /* Products */,
			);
			sourceTree = "<group>";
		};
		FC7895BC209E0C2E0053CA69 /* Products */ = {
			isa = PBXGroup;
			children = (
				FC7895BB209E0C2E0053CA69 /* Ramp-it.app */,
			);
			name = Products;
			sourceTree = "<group>";
		};
		FC7895BD209E0C2E0053CA69 /* Ramp-it */ = {
			isa = PBXGroup;
			children = (
				FC7895D2209E64BD0053CA69 /* Controller */,
				FC7895BE209E0C2E0053CA69 /* AppDelegate.swift */,
				FC7895C0209E0C2E0053CA69 /* art.scnassets */,
				FC7895C4209E0C2E0053CA69 /* Main.storyboard */,
				FC7895C7209E0C300053CA69 /* Assets.xcassets */,
				FC7895C9209E0C300053CA69 /* LaunchScreen.storyboard */,
				FC7895CC209E0C300053CA69 /* Info.plist */,
			);
			path = "Ramp-it";
			sourceTree = "<group>";
		};
		FC7895D2209E64BD0053CA69 /* Controller */ = {
			isa = PBXGroup;
			children = (
				FC7895C2209E0C2E0053CA69 /* RampPlacerVC.swift */,
			);
			path = Controller;
			sourceTree = "<group>";
		};
/* End PBXGroup section */

/* Begin PBXNativeTarget section */
		FC7895BA209E0C2E0053CA69 /* Ramp-it */ = {
			isa = PBXNativeTarget;
			buildConfigurationList = FC7895CF209E0C300053CA69 /* Build configuration list for PBXNativeTarget "Ramp-it" */;
			buildPhases = (
				FC7895B7209E0C2E0053CA69 /* Sources */,
				FC7895B8209E0C2E0053CA69 /* Frameworks */,
				FC7895B9209E0C2E0053CA69 /* Resources */,
			);
			buildRules = (
			);
			dependencies = (
			);
			name = "Ramp-it";
			productName = "Ramp-it";
			productReference = FC7895BB209E0C2E0053CA69 /* Ramp-it.app */;
			productType = "com.apple.product-type.application";
		};
/* End PBXNativeTarget section */

/* Begin PBXProject section */
		FC7895B3209E0C2E0053CA69 /* Project object */ = {
			isa = PBXProject;
			attributes = {
				LastSwiftUpdateCheck = 0930;
				LastUpgradeCheck = 0930;
				ORGANIZATIONNAME = "Ariel Chouminov";
				TargetAttributes = {
					FC7895BA209E0C2E0053CA69 = {
						CreatedOnToolsVersion = 9.3;
					};
				};
			};
			buildConfigurationList = FC7895B6209E0C2E0053CA69 /* Build configuration list for PBXProject "Ramp-it" */;
			compatibilityVersion = "Xcode 9.3";
			developmentRegion = en;
			hasScannedForEncodings = 0;
			knownRegions = (
				en,
				Base,
			);
			mainGroup = FC7895B2209E0C2E0053CA69;
			productRefGroup = FC7895BC209E0C2E0053CA69 /* Products */;
			projectDirPath = "";
			projectRoot = "";
			targets = (
				FC7895BA209E0C2E0053CA69 /* Ramp-it */,
			);
		};
/* End PBXProject section */

/* Begin PBXResourcesBuildPhase section */
		FC7895B9209E0C2E0053CA69 /* Resources */ = {
			isa = PBXResourcesBuildPhase;
			buildActionMask = 2147483647;
			files = (
				FC7895C1209E0C2E0053CA69 /* art.scnassets in Resources */,
				FC7895CB209E0C300053CA69 /* LaunchScreen.storyboard in Resources */,
				FC7895C8209E0C300053CA69 /* Assets.xcassets in Resources */,
				FC7895C6209E0C2E0053CA69 /* Main.storyboard in Resources */,
			);
			runOnlyForDeploymentPostprocessing = 0;
		};
/* End PBXResourcesBuildPhase section */

/* Begin PBXSourcesBuildPhase section */
		FC7895B7209E0C2E0053CA69 /* Sources */ = {
			isa = PBXSourcesBuildPhase;
			buildActionMask = 2147483647;
			files = (
				FC7895C3209E0C2E0053CA69 /* RampPlacerVC.swift in Sources */,
				FC7895BF209E0C2E0053CA69 /* AppDelegate.swift in Sources */,
			);
			runOnlyForDeploymentPostprocessing = 0;
		};
/* End PBXSourcesBuildPhase section */

/* Begin PBXVariantGroup section */
		FC7895C4209E0C2E0053CA69 /* Main.storyboard */ = {
			isa = PBXVariantGroup;
			children = (
				FC7895C5209E0C2E0053CA69 /* Base */,
			);
			name = Main.storyboard;
			sourceTree = "<group>";
		};
		FC7895C9209E0C300053CA69 /* LaunchScreen.storyboard */ = {
			isa = PBXVariantGroup;
			children = (
				FC7895CA209E0C300053CA69 /* Base */,
			);
			name = LaunchScreen.storyboard;
			sourceTree = "<group>";
		};
/* End PBXVariantGroup section */

/* Begin XCBuildConfiguration section */
		FC7895CD209E0C300053CA69 /* Debug */ = {
			isa = XCBuildConfiguration;
			buildSettings = {
				ALWAYS_SEARCH_USER_PATHS = NO;
				CLANG_ANALYZER_NONNULL = YES;
				CLANG_ANALYZER_NUMBER_OBJECT_CONVERSION = YES_AGGRESSIVE;
				CLANG_CXX_LANGUAGE_STANDARD = "gnu++14";
				CLANG_CXX_LIBRARY = "libc++";
				CLANG_ENABLE_MODULES = YES;
				CLANG_ENABLE_OBJC_ARC = YES;
				CLANG_ENABLE_OBJC_WEAK = YES;
				CLANG_WARN_BLOCK_CAPTURE_AUTORELEASING = YES;
				CLANG_WARN_BOOL_CONVERSION = YES;
				CLANG_WARN_COMMA = YES;
				CLANG_WARN_CONSTANT_CONVERSION = YES;
				CLANG_WARN_DEPRECATED_OBJC_IMPLEMENTATIONS = YES;
				CLANG_WARN_DIRECT_OBJC_ISA_USAGE = YES_ERROR;
				CLANG_WARN_DOCUMENTATION_COMMENTS = YES;
				CLANG_WARN_EMPTY_BODY = YES;
				CLANG_WARN_ENUM_CONVERSION = YES;
				CLANG_WARN_INFINITE_RECURSION = YES;
				CLANG_WARN_INT_CONVERSION = YES;
				CLANG_WARN_NON_LITERAL_NULL_CONVERSION = YES;
				CLANG_WARN_OBJC_IMPLICIT_RETAIN_SELF = YES;
				CLANG_WARN_OBJC_LITERAL_CONVERSION = YES;
				CLANG_WARN_OBJC_ROOT_CLASS = YES_ERROR;
				CLANG_WARN_RANGE_LOOP_ANALYSIS = YES;
				CLANG_WARN_STRICT_PROTOTYPES = YES;
				CLANG_WARN_SUSPICIOUS_MOVE = YES;
				CLANG_WARN_UNGUARDED_AVAILABILITY = YES_AGGRESSIVE;
				CLANG_WARN_UNREACHABLE_CODE = YES;
				CLANG_WARN__DUPLICATE_METHOD_MATCH = YES;
				CODE_SIGN_IDENTITY = "iPhone Developer";
				COPY_PHASE_STRIP = NO;
				DEBUG_INFORMATION_FORMAT = dwarf;
				ENABLE_STRICT_OBJC_MSGSEND = YES;
				ENABLE_TESTABILITY = YES;
				GCC_C_LANGUAGE_STANDARD = gnu11;
				GCC_DYNAMIC_NO_PIC = NO;
				GCC_NO_COMMON_BLOCKS = YES;
				GCC_OPTIMIZATION_LEVEL = 0;
				GCC_PREPROCESSOR_DEFINITIONS = (
					"DEBUG=1",
					"$(inherited)",
				);
				GCC_WARN_64_TO_32_BIT_CONVERSION = YES;
				GCC_WARN_ABOUT_RETURN_TYPE = YES_ERROR;
				GCC_WARN_UNDECLARED_SELECTOR = YES;
				GCC_WARN_UNINITIALIZED_AUTOS = YES_AGGRESSIVE;
				GCC_WARN_UNUSED_FUNCTION = YES;
				GCC_WARN_UNUSED_VARIABLE = YES;
				IPHONEOS_DEPLOYMENT_TARGET = 11.3;
				MTL_ENABLE_DEBUG_INFO = YES;
				ONLY_ACTIVE_ARCH = YES;
				SDKROOT = iphoneos;
				SWIFT_ACTIVE_COMPILATION_CONDITIONS = DEBUG;
				SWIFT_OPTIMIZATION_LEVEL = "-Onone";
			};
			name = Debug;
		};
		FC7895CE209E0C300053CA69 /* Release */ = {
			isa = XCBuildConfiguration;
			buildSettings = {
				ALWAYS_SEARCH_USER_PATHS = NO;
				CLANG_ANALYZER_NONNULL = YES;
				CLANG_ANALYZER_NUMBER_OBJECT_CONVERSION = YES_AGGRESSIVE;
				CLANG_CXX_LANGUAGE_STANDARD = "gnu++14";
				CLANG_CXX_LIBRARY = "libc++";
				CLANG_ENABLE_MODULES = YES;
				CLANG_ENABLE_OBJC_ARC = YES;
				CLANG_ENABLE_OBJC_WEAK = YES;
				CLANG_WARN_BLOCK_CAPTURE_AUTORELEASING = YES;
				CLANG_WARN_BOOL_CONVERSION = YES;
				CLANG_WARN_COMMA = YES;
				CLANG_WARN_CONSTANT_CONVERSION = YES;
				CLANG_WARN_DEPRECATED_OBJC_IMPLEMENTATIONS = YES;
				CLANG_WARN_DIRECT_OBJC_ISA_USAGE = YES_ERROR;
				CLANG_WARN_DOCUMENTATION_COMMENTS = YES;
				CLANG_WARN_EMPTY_BODY = YES;
				CLANG_WARN_ENUM_CONVERSION = YES;
				CLANG_WARN_INFINITE_RECURSION = YES;
				CLANG_WARN_INT_CONVERSION = YES;
				CLANG_WARN_NON_LITERAL_NULL_CONVERSION = YES;
				CLANG_WARN_OBJC_IMPLICIT_RETAIN_SELF = YES;
				CLANG_WARN_OBJC_LITERAL_CONVERSION = YES;
				CLANG_WARN_OBJC_ROOT_CLASS = YES_ERROR;
				CLANG_WARN_RANGE_LOOP_ANALYSIS = YES;
				CLANG_WARN_STRICT_PROTOTYPES = YES;
				CLANG_WARN_SUSPICIOUS_MOVE = YES;
				CLANG_WARN_UNGUARDED_AVAILABILITY = YES_AGGRESSIVE;
				CLANG_WARN_UNREACHABLE_CODE = YES;
				CLANG_WARN__DUPLICATE_METHOD_MATCH = YES;
				CODE_SIGN_IDENTITY = "iPhone Developer";
				COPY_PHASE_STRIP = NO;
				DEBUG_INFORMATION_FORMAT = "dwarf-with-dsym";
				ENABLE_NS_ASSERTIONS = NO;
				ENABLE_STRICT_OBJC_MSGSEND = YES;
				GCC_C_LANGUAGE_STANDARD = gnu11;
				GCC_NO_COMMON_BLOCKS = YES;
				GCC_WARN_64_TO_32_BIT_CONVERSION = YES;
				GCC_WARN_ABOUT_RETURN_TYPE = YES_ERROR;
				GCC_WARN_UNDECLARED_SELECTOR = YES;
				GCC_WARN_UNINITIALIZED_AUTOS = YES_AGGRESSIVE;
				GCC_WARN_UNUSED_FUNCTION = YES;
				GCC_WARN_UNUSED_VARIABLE = YES;
				IPHONEOS_DEPLOYMENT_TARGET = 11.3;
				MTL_ENABLE_DEBUG_INFO = NO;
				SDKROOT = iphoneos;
				SWIFT_COMPILATION_MODE = wholemodule;
				SWIFT_OPTIMIZATION_LEVEL = "-O";
				VALIDATE_PRODUCT = YES;
			};
			name = Release;
		};
		FC7895D0209E0C300053CA69 /* Debug */ = {
			isa = XCBuildConfiguration;
			buildSettings = {
				ASSETCATALOG_COMPILER_APPICON_NAME = AppIcon;
				CODE_SIGN_STYLE = Automatic;
				DEVELOPMENT_TEAM = BEB3DJGBLD;
				INFOPLIST_FILE = "Ramp-it/Info.plist";
				LD_RUNPATH_SEARCH_PATHS = (
					"$(inherited)",
					"@executable_path/Frameworks",
				);
				PRODUCT_BUNDLE_IDENTIFIER = "com.ArielChouminov.Ramp-it";
				PRODUCT_NAME = "$(TARGET_NAME)";
				SWIFT_VERSION = 4.0;
				TARGETED_DEVICE_FAMILY = "1,2";
			};
			name = Debug;
		};
		FC7895D1209E0C300053CA69 /* Release */ = {
			isa = XCBuildConfiguration;
			buildSettings = {
				ASSETCATALOG_COMPILER_APPICON_NAME = AppIcon;
				CODE_SIGN_STYLE = Automatic;
				DEVELOPMENT_TEAM = BEB3DJGBLD;
				INFOPLIST_FILE = "Ramp-it/Info.plist";
				LD_RUNPATH_SEARCH_PATHS = (
					"$(inherited)",
					"@executable_path/Frameworks",
				);
				PRODUCT_BUNDLE_IDENTIFIER = "com.ArielChouminov.Ramp-it";
				PRODUCT_NAME = "$(TARGET_NAME)";
				SWIFT_VERSION = 4.0;
				TARGETED_DEVICE_FAMILY = "1,2";
			};
			name = Release;
		};
/* End XCBuildConfiguration section */

/* Begin XCConfigurationList section */
		FC7895B6209E0C2E0053CA69 /* Build configuration list for PBXProject "Ramp-it" */ = {
			isa = XCConfigurationList;
			buildConfigurations = (
				FC7895CD209E0C300053CA69 /* Debug */,
				FC7895CE209E0C300053CA69 /* Release */,
			);
			defaultConfigurationIsVisible = 0;
			defaultConfigurationName = Release;
		};
		FC7895CF209E0C300053CA69 /* Build configuration list for PBXNativeTarget "Ramp-it" */ = {
			isa = XCConfigurationList;
			buildConfigurations = (
				FC7895D0209E0C300053CA69 /* Debug */,
				FC7895D1209E0C300053CA69 /* Release */,
			);
			defaultConfigurationIsVisible = 0;
			defaultConfigurationName = Release;
		};
/* End XCConfigurationList section */
	};
	rootObject = FC7895B3209E0C2E0053CA69 /* Project object */;
}
